
Microsoft Visual Studio Solution File, Format Version 12.00
# Visual Studio Version 17
VisualStudioVersion = 17.0.32112.339
MinimumVisualStudioVersion = 10.0.40219.1
Project("{9A19103F-16F7-4668-BE54-9A1E7A4F7556}") = "ModernyzeWebsite", "ModernyzeWebsite.csproj", "{E1193583-09B4-46F4-9DE8-FA11997FF40A}"
EndProject
Project("{00D1A9C2-B5F0-4AF3-8072-F6C62B433612}") = "ModernyzeDB", "Database\ModernyzeDB\ModernyzeDB.sqlproj", "{C7B136A8-271E-4776-B5C0-E7E53A94CF02}"
EndProject
Project("{FAE04EC0-301F-11D3-BF4B-00C04F79EFBC}") = "ModernyzeWebsite.Tests", "..\ModernyzeWebsite.Tests\ModernyzeWebsite.Tests.csproj", "{C1BEAEDB-46E6-4F34-B284-EFAC319A2B51}"
EndProject
Global
	GlobalSection(SolutionConfigurationPlatforms) = preSolution
		Debug|Any CPU = Debug|Any CPU
		Release|Any CPU = Release|Any CPU
	EndGlobalSection
	GlobalSection(ProjectConfigurationPlatforms) = postSolution
		{E1193583-09B4-46F4-9DE8-FA11997FF40A}.Debug|Any CPU.ActiveCfg = Debug|Any CPU
		{E1193583-09B4-46F4-9DE8-FA11997FF40A}.Debug|Any CPU.Build.0 = Debug|Any CPU
		{E1193583-09B4-46F4-9DE8-FA11997FF40A}.Release|Any CPU.ActiveCfg = Release|Any CPU
		{E1193583-09B4-46F4-9DE8-FA11997FF40A}.Release|Any CPU.Build.0 = Release|Any CPU
		{C7B136A8-271E-4776-B5C0-E7E53A94CF02}.Debug|Any CPU.ActiveCfg = Debug|Any CPU
		{C7B136A8-271E-4776-B5C0-E7E53A94CF02}.Debug|Any CPU.Build.0 = Debug|Any CPU
		{C7B136A8-271E-4776-B5C0-E7E53A94CF02}.Debug|Any CPU.Deploy.0 = Debug|Any CPU
		{C7B136A8-271E-4776-B5C0-E7E53A94CF02}.Release|Any CPU.ActiveCfg = Release|Any CPU
		{C7B136A8-271E-4776-B5C0-E7E53A94CF02}.Release|Any CPU.Build.0 = Release|Any CPU
		{C7B136A8-271E-4776-B5C0-E7E53A94CF02}.Release|Any CPU.Deploy.0 = Release|Any CPU
		{C1BEAEDB-46E6-4F34-B284-EFAC319A2B51}.Debug|Any CPU.ActiveCfg = Debug|Any CPU
		{C1BEAEDB-46E6-4F34-B284-EFAC319A2B51}.Debug|Any CPU.Build.0 = Debug|Any CPU
		{C1BEAEDB-46E6-4F34-B284-EFAC319A2B51}.Release|Any CPU.ActiveCfg = Release|Any CPU
		{C1BEAEDB-46E6-4F34-B284-EFAC319A2B51}.Release|Any CPU.Build.0 = Release|Any CPU
	EndGlobalSection
	GlobalSection(SolutionProperties) = preSolution
		HideSolutionNode = FALSE
	EndGlobalSection
	GlobalSection(ExtensibilityGlobals) = postSolution
		SolutionGuid = {418DC192-66E6-4A4E-A024-E3FF576B9B4D}
	EndGlobalSection
EndGlobal
